
Microsoft Visual Studio Solution File, Format Version 12.00
# Visual Studio Version 17
VisualStudioVersion = 17.7.34003.232
MinimumVisualStudioVersion = 10.0.40219.1
Project("{FAE04EC0-301F-11D3-BF4B-00C04F79EFBC}") = "Delivery", "Delivery.csproj", "{B4C86937-E5B3-49BA-B470-0216CF166A6C}"
EndProject
Project("{FAE04EC0-301F-11D3-BF4B-00C04F79EFBC}") = "Delivery.Domain", "..\Delivery.Domain\Delivery.Domain.csproj", "{94DA770F-8660-4C33-81E7-9D5B12499AF2}"
EndProject
Project("{FAE04EC0-301F-11D3-BF4B-00C04F79EFBC}") = "Delivery.Persistence", "..\Delivery.Persistence\Delivery.Persistence.csproj", "{5B97199D-551C-4839-96A7-B1BFA6FA8E21}"
EndProject
Project("{FAE04EC0-301F-11D3-BF4B-00C04F79EFBC}") = "Delivery.Repositories", "..\Delivery.Repositories\Delivery.Repositories.csproj", "{B9943D41-69CE-43AF-AFBA-ADDEADA0308E}"
EndProject
Global
	GlobalSection(SolutionConfigurationPlatforms) = preSolution
		Debug|Any CPU = Debug|Any CPU
		Release|Any CPU = Release|Any CPU
	EndGlobalSection
	GlobalSection(ProjectConfigurationPlatforms) = postSolution
		{B4C86937-E5B3-49BA-B470-0216CF166A6C}.Debug|Any CPU.ActiveCfg = Debug|Any CPU
		{B4C86937-E5B3-49BA-B470-0216CF166A6C}.Debug|Any CPU.Build.0 = Debug|Any CPU
		{B4C86937-E5B3-49BA-B470-0216CF166A6C}.Release|Any CPU.ActiveCfg = Release|Any CPU
		{B4C86937-E5B3-49BA-B470-0216CF166A6C}.Release|Any CPU.Build.0 = Release|Any CPU
		{94DA770F-8660-4C33-81E7-9D5B12499AF2}.Debug|Any CPU.ActiveCfg = Debug|Any CPU
		{94DA770F-8660-4C33-81E7-9D5B12499AF2}.Debug|Any CPU.Build.0 = Debug|Any CPU
		{94DA770F-8660-4C33-81E7-9D5B12499AF2}.Release|Any CPU.ActiveCfg = Release|Any CPU
		{94DA770F-8660-4C33-81E7-9D5B12499AF2}.Release|Any CPU.Build.0 = Release|Any CPU
		{5B97199D-551C-4839-96A7-B1BFA6FA8E21}.Debug|Any CPU.ActiveCfg = Debug|Any CPU
		{5B97199D-551C-4839-96A7-B1BFA6FA8E21}.Debug|Any CPU.Build.0 = Debug|Any CPU
		{5B97199D-551C-4839-96A7-B1BFA6FA8E21}.Release|Any CPU.ActiveCfg = Release|Any CPU
		{5B97199D-551C-4839-96A7-B1BFA6FA8E21}.Release|Any CPU.Build.0 = Release|Any CPU
		{B9943D41-69CE-43AF-AFBA-ADDEADA0308E}.Debug|Any CPU.ActiveCfg = Debug|Any CPU
		{B9943D41-69CE-43AF-AFBA-ADDEADA0308E}.Debug|Any CPU.Build.0 = Debug|Any CPU
		{B9943D41-69CE-43AF-AFBA-ADDEADA0308E}.Release|Any CPU.ActiveCfg = Release|Any CPU
		{B9943D41-69CE-43AF-AFBA-ADDEADA0308E}.Release|Any CPU.Build.0 = Release|Any CPU
	EndGlobalSection
	GlobalSection(SolutionProperties) = preSolution
		HideSolutionNode = FALSE
	EndGlobalSection
	GlobalSection(ExtensibilityGlobals) = postSolution
		SolutionGuid = {C6A9E809-D523-48D0-9297-A6FAEE05E264}
	EndGlobalSection
EndGlobal
